{
  "name": "aibox-cli",
  "version": "0.5.1",
  "lockfileVersion": 3,
  "requires": true,
  "packages": {
    "": {
      "name": "aibox-cli",
      "version": "0.5.1",
      "license": "MIT",
      "os": [
        "darwin",
        "linux"
      ],
      "bin": {
        "aibox": "bin/aibox"
      },
      "engines": {
        "node": ">=18"
      }
    }
  }
}
